// !$*UTF8*$!
{
	archiveVersion = 1;
	classes = {
	};
	objectVersion = 77;
	objects = {

/* Begin PBXBuildFile section */
		50764E0D2DA7974D007A17B6 /* FirebaseAnalytics in Frameworks */ = {isa = PBXBuildFile; productRef = 50764E0C2DA7974D007A17B6 /* FirebaseAnalytics */; };
		50764E0F2DA7974D007A17B6 /* FirebaseAuth in Frameworks */ = {isa = PBXBuildFile; productRef = 50764E0E2DA7974D007A17B6 /* FirebaseAuth */; };
		50764E112DA7974D007A17B6 /* FirebaseDatabase in Frameworks */ = {isa = PBXBuildFile; productRef = 50764E102DA7974D007A17B6 /* FirebaseDatabase */; };
		50764E132DA7974D007A17B6 /* FirebaseFirestore in Frameworks */ = {isa = PBXBuildFile; productRef = 50764E122DA7974D007A17B6 /* FirebaseFirestore */; };
		50764E152DA7974D007A17B6 /* FirebaseStorage in Frameworks */ = {isa = PBXBuildFile; productRef = 50764E142DA7974D007A17B6 /* FirebaseStorage */; };
		50764E182DA7976E007A17B6 /* GoogleSignIn in Frameworks */ = {isa = PBXBuildFile; productRef = 50764E172DA7976E007A17B6 /* GoogleSignIn */; };
		50764E1A2DA7976E007A17B6 /* GoogleSignInSwift in Frameworks */ = {isa = PBXBuildFile; productRef = 50764E192DA7976E007A17B6 /* GoogleSignInSwift */; };
		8164D8882DA0674000BF26FF /* Lottie in Frameworks */ = {isa = PBXBuildFile; productRef = 8164D8872DA0674000BF26FF /* Lottie */; };
		816E54A02E5290E600ACD916 /* OpenFoodFactsSDK in Frameworks */ = {isa = PBXBuildFile; productRef = 816E549F2E5290E600ACD916 /* OpenFoodFactsSDK */; };
/* End PBXBuildFile section */

/* Begin PBXFileReference section */
		50824C7D2D7E53E900BA3673 /* Zesto.app */ = {isa = PBXFileReference; explicitFileType = wrapper.application; includeInIndex = 0; path = Zesto.app; sourceTree = BUILT_PRODUCTS_DIR; };
/* End PBXFileReference section */

/* Begin PBXFileSystemSynchronizedBuildFileExceptionSet section */
		504C423E2D8A3B64008C9C9E /* Exceptions for "Zesto" folder in "Zesto" target */ = {
			isa = PBXFileSystemSynchronizedBuildFileExceptionSet;
			membershipExceptions = (
				Info.plist,
			);
			target = 50824C7C2D7E53E900BA3673 /* Zesto */;
		};
/* End PBXFileSystemSynchronizedBuildFileExceptionSet section */

/* Begin PBXFileSystemSynchronizedRootGroup section */
		50824C7F2D7E53E900BA3673 /* Zesto */ = {
			isa = PBXFileSystemSynchronizedRootGroup;
			exceptions = (
				504C423E2D8A3B64008C9C9E /* Exceptions for "Zesto" folder in "Zesto" target */,
			);
			path = Zesto;
			sourceTree = "<group>";
		};
/* End PBXFileSystemSynchronizedRootGroup section */

/* Begin PBXFrameworksBuildPhase section */
		50824C7A2D7E53E900BA3673 /* Frameworks */ = {
			isa = PBXFrameworksBuildPhase;
			buildActionMask = 2147483647;
			files = (
				50764E0D2DA7974D007A17B6 /* FirebaseAnalytics in Frameworks */,
				50764E0F2DA7974D007A17B6 /* FirebaseAuth in Frameworks */,
				816E54A02E5290E600ACD916 /* OpenFoodFactsSDK in Frameworks */,
				50764E112DA7974D007A17B6 /* FirebaseDatabase in Frameworks */,
				50764E1A2DA7976E007A17B6 /* GoogleSignInSwift in Frameworks */,
				50764E132DA7974D007A17B6 /* FirebaseFirestore in Frameworks */,
				8164D8882DA0674000BF26FF /* Lottie in Frameworks */,
				50764E152DA7974D007A17B6 /* FirebaseStorage in Frameworks */,
				50764E182DA7976E007A17B6 /* GoogleSignIn in Frameworks */,
			);
			runOnlyForDeploymentPostprocessing = 0;
		};
/* End PBXFrameworksBuildPhase section */

/* Begin PBXGroup section */
		50824C742D7E53E900BA3673 = {
			isa = PBXGroup;
			children = (
				50824C7F2D7E53E900BA3673 /* Zesto */,
				50824C7E2D7E53E900BA3673 /* Products */,
			);
			sourceTree = "<group>";
		};
		50824C7E2D7E53E900BA3673 /* Products */ = {
			isa = PBXGroup;
			children = (
				50824C7D2D7E53E900BA3673 /* Zesto.app */,
			);
			name = Products;
			sourceTree = "<group>";
		};
/* End PBXGroup section */

/* Begin PBXNativeTarget section */
		50824C7C2D7E53E900BA3673 /* Zesto */ = {
			isa = PBXNativeTarget;
			buildConfigurationList = 50824C8B2D7E53EA00BA3673 /* Build configuration list for PBXNativeTarget "Zesto" */;
			buildPhases = (
				50824C792D7E53E900BA3673 /* Sources */,
				50824C7A2D7E53E900BA3673 /* Frameworks */,
				50824C7B2D7E53E900BA3673 /* Resources */,
			);
			buildRules = (
			);
			dependencies = (
			);
			fileSystemSynchronizedGroups = (
				50824C7F2D7E53E900BA3673 /* Zesto */,
			);
			name = Zesto;
			packageProductDependencies = (
				8164D8872DA0674000BF26FF /* Lottie */,
				50764E0C2DA7974D007A17B6 /* FirebaseAnalytics */,
				50764E0E2DA7974D007A17B6 /* FirebaseAuth */,
				50764E102DA7974D007A17B6 /* FirebaseDatabase */,
				50764E122DA7974D007A17B6 /* FirebaseFirestore */,
				50764E142DA7974D007A17B6 /* FirebaseStorage */,
				50764E172DA7976E007A17B6 /* GoogleSignIn */,
				50764E192DA7976E007A17B6 /* GoogleSignInSwift */,
				816E549F2E5290E600ACD916 /* OpenFoodFactsSDK */,
			);
			productName = Zesto;
			productReference = 50824C7D2D7E53E900BA3673 /* Zesto.app */;
			productType = "com.apple.product-type.application";
		};
/* End PBXNativeTarget section */

/* Begin PBXProject section */
		50824C752D7E53E900BA3673 /* Project object */ = {
			isa = PBXProject;
			attributes = {
				BuildIndependentTargetsInParallel = 1;
				LastSwiftUpdateCheck = 1620;
				LastUpgradeCheck = 1620;
				TargetAttributes = {
					50824C7C2D7E53E900BA3673 = {
						CreatedOnToolsVersion = 16.2;
					};
				};
			};
			buildConfigurationList = 50824C782D7E53E900BA3673 /* Build configuration list for PBXProject "Zesto" */;
			developmentRegion = en;
			hasScannedForEncodings = 0;
			knownRegions = (
				en,
				Base,
			);
			mainGroup = 50824C742D7E53E900BA3673;
			minimizedProjectReferenceProxies = 1;
			packageReferences = (
				8164D8862DA0674000BF26FF /* XCRemoteSwiftPackageReference "lottie-ios" */,
				50764E0B2DA7974D007A17B6 /* XCRemoteSwiftPackageReference "firebase-ios-sdk" */,
				50764E162DA7976E007A17B6 /* XCRemoteSwiftPackageReference "GoogleSignIn-iOS" */,
				816E549E2E5290E600ACD916 /* XCRemoteSwiftPackageReference "openfoodfacts-swift" */,
			);
			preferredProjectObjectVersion = 77;
			productRefGroup = 50824C7E2D7E53E900BA3673 /* Products */;
			projectDirPath = "";
			projectRoot = "";
			targets = (
				50824C7C2D7E53E900BA3673 /* Zesto */,
			);
		};
/* End PBXProject section */

/* Begin PBXResourcesBuildPhase section */
		50824C7B2D7E53E900BA3673 /* Resources */ = {
			isa = PBXResourcesBuildPhase;
			buildActionMask = 2147483647;
			files = (
			);
			runOnlyForDeploymentPostprocessing = 0;
		};
/* End PBXResourcesBuildPhase section */

/* Begin PBXSourcesBuildPhase section */
		50824C792D7E53E900BA3673 /* Sources */ = {
			isa = PBXSourcesBuildPhase;
			buildActionMask = 2147483647;
			files = (
			);
			runOnlyForDeploymentPostprocessing = 0;
		};
/* End PBXSourcesBuildPhase section */

/* Begin XCBuildConfiguration section */
		50824C892D7E53EA00BA3673 /* Debug */ = {
			isa = XCBuildConfiguration;
			buildSettings = {
				ALWAYS_SEARCH_USER_PATHS = NO;
				ASSETCATALOG_COMPILER_GENERATE_SWIFT_ASSET_SYMBOL_EXTENSIONS = YES;
				CLANG_ANALYZER_NONNULL = YES;
				CLANG_ANALYZER_NUMBER_OBJECT_CONVERSION = YES_AGGRESSIVE;
				CLANG_CXX_LANGUAGE_STANDARD = "gnu++20";
				CLANG_ENABLE_MODULES = YES;
				CLANG_ENABLE_OBJC_ARC = YES;
				CLANG_ENABLE_OBJC_WEAK = YES;
				CLANG_WARN_BLOCK_CAPTURE_AUTORELEASING = YES;
				CLANG_WARN_BOOL_CONVERSION = YES;
				CLANG_WARN_COMMA = YES;
				CLANG_WARN_CONSTANT_CONVERSION = YES;
				CLANG_WARN_DEPRECATED_OBJC_IMPLEMENTATIONS = YES;
				CLANG_WARN_DIRECT_OBJC_ISA_USAGE = YES_ERROR;
				CLANG_WARN_DOCUMENTATION_COMMENTS = YES;
				CLANG_WARN_EMPTY_BODY = YES;
				CLANG_WARN_ENUM_CONVERSION = YES;
				CLANG_WARN_INFINITE_RECURSION = YES;
				CLANG_WARN_INT_CONVERSION = YES;
				CLANG_WARN_NON_LITERAL_NULL_CONVERSION = YES;
				CLANG_WARN_OBJC_IMPLICIT_RETAIN_SELF = YES;
				CLANG_WARN_OBJC_LITERAL_CONVERSION = YES;
				CLANG_WARN_OBJC_ROOT_CLASS = YES_ERROR;
				CLANG_WARN_QUOTED_INCLUDE_IN_FRAMEWORK_HEADER = YES;
				CLANG_WARN_RANGE_LOOP_ANALYSIS = YES;
				CLANG_WARN_STRICT_PROTOTYPES = YES;
				CLANG_WARN_SUSPICIOUS_MOVE = YES;
				CLANG_WARN_UNGUARDED_AVAILABILITY = YES_AGGRESSIVE;
				CLANG_WARN_UNREACHABLE_CODE = YES;
				CLANG_WARN__DUPLICATE_METHOD_MATCH = YES;
				COPY_PHASE_STRIP = NO;
				DEBUG_INFORMATION_FORMAT = dwarf;
				ENABLE_STRICT_OBJC_MSGSEND = YES;
				ENABLE_TESTABILITY = YES;
				ENABLE_USER_SCRIPT_SANDBOXING = YES;
				GCC_C_LANGUAGE_STANDARD = gnu17;
				GCC_DYNAMIC_NO_PIC = NO;
				GCC_NO_COMMON_BLOCKS = YES;
				GCC_OPTIMIZATION_LEVEL = 0;
				GCC_PREPROCESSOR_DEFINITIONS = (
					"DEBUG=1",
					"$(inherited)",
				);
				GCC_WARN_64_TO_32_BIT_CONVERSION = YES;
				GCC_WARN_ABOUT_RETURN_TYPE = YES_ERROR;
				GCC_WARN_UNDECLARED_SELECTOR = YES;
				GCC_WARN_UNINITIALIZED_AUTOS = YES_AGGRESSIVE;
				GCC_WARN_UNUSED_FUNCTION = YES;
				GCC_WARN_UNUSED_VARIABLE = YES;
				IPHONEOS_DEPLOYMENT_TARGET = 18.2;
				LOCALIZATION_PREFERS_STRING_CATALOGS = YES;
				MTL_ENABLE_DEBUG_INFO = INCLUDE_SOURCE;
				MTL_FAST_MATH = YES;
				ONLY_ACTIVE_ARCH = YES;
				SDKROOT = iphoneos;
				SWIFT_ACTIVE_COMPILATION_CONDITIONS = "DEBUG $(inherited)";
				SWIFT_OPTIMIZATION_LEVEL = "-Onone";
			};
			name = Debug;
		};
		50824C8A2D7E53EA00BA3673 /* Release */ = {
			isa = XCBuildConfiguration;
			buildSettings = {
				ALWAYS_SEARCH_USER_PATHS = NO;
				ASSETCATALOG_COMPILER_GENERATE_SWIFT_ASSET_SYMBOL_EXTENSIONS = YES;
				CLANG_ANALYZER_NONNULL = YES;
				CLANG_ANALYZER_NUMBER_OBJECT_CONVERSION = YES_AGGRESSIVE;
				CLANG_CXX_LANGUAGE_STANDARD = "gnu++20";
				CLANG_ENABLE_MODULES = YES;
				CLANG_ENABLE_OBJC_ARC = YES;
				CLANG_ENABLE_OBJC_WEAK = YES;
				CLANG_WARN_BLOCK_CAPTURE_AUTORELEASING = YES;
				CLANG_WARN_BOOL_CONVERSION = YES;
				CLANG_WARN_COMMA = YES;
				CLANG_WARN_CONSTANT_CONVERSION = YES;
				CLANG_WARN_DEPRECATED_OBJC_IMPLEMENTATIONS = YES;
				CLANG_WARN_DIRECT_OBJC_ISA_USAGE = YES_ERROR;
				CLANG_WARN_DOCUMENTATION_COMMENTS = YES;
				CLANG_WARN_EMPTY_BODY = YES;
				CLANG_WARN_ENUM_CONVERSION = YES;
				CLANG_WARN_INFINITE_RECURSION = YES;
				CLANG_WARN_INT_CONVERSION = YES;
				CLANG_WARN_NON_LITERAL_NULL_CONVERSION = YES;
				CLANG_WARN_OBJC_IMPLICIT_RETAIN_SELF = YES;
				CLANG_WARN_OBJC_LITERAL_CONVERSION = YES;
				CLANG_WARN_OBJC_ROOT_CLASS = YES_ERROR;
				CLANG_WARN_QUOTED_INCLUDE_IN_FRAMEWORK_HEADER = YES;
				CLANG_WARN_RANGE_LOOP_ANALYSIS = YES;
				CLANG_WARN_STRICT_PROTOTYPES = YES;
				CLANG_WARN_SUSPICIOUS_MOVE = YES;
				CLANG_WARN_UNGUARDED_AVAILABILITY = YES_AGGRESSIVE;
				CLANG_WARN_UNREACHABLE_CODE = YES;
				CLANG_WARN__DUPLICATE_METHOD_MATCH = YES;
				COPY_PHASE_STRIP = NO;
				DEBUG_INFORMATION_FORMAT = "dwarf-with-dsym";
				ENABLE_NS_ASSERTIONS = NO;
				ENABLE_STRICT_OBJC_MSGSEND = YES;
				ENABLE_USER_SCRIPT_SANDBOXING = YES;
				GCC_C_LANGUAGE_STANDARD = gnu17;
				GCC_NO_COMMON_BLOCKS = YES;
				GCC_WARN_64_TO_32_BIT_CONVERSION = YES;
				GCC_WARN_ABOUT_RETURN_TYPE = YES_ERROR;
				GCC_WARN_UNDECLARED_SELECTOR = YES;
				GCC_WARN_UNINITIALIZED_AUTOS = YES_AGGRESSIVE;
				GCC_WARN_UNUSED_FUNCTION = YES;
				GCC_WARN_UNUSED_VARIABLE = YES;
				IPHONEOS_DEPLOYMENT_TARGET = 18.2;
				LOCALIZATION_PREFERS_STRING_CATALOGS = YES;
				MTL_ENABLE_DEBUG_INFO = NO;
				MTL_FAST_MATH = YES;
				SDKROOT = iphoneos;
				SWIFT_COMPILATION_MODE = wholemodule;
				VALIDATE_PRODUCT = YES;
			};
			name = Release;
		};
		50824C8C2D7E53EA00BA3673 /* Debug */ = {
			isa = XCBuildConfiguration;
			buildSettings = {
				ASSETCATALOG_COMPILER_APPICON_NAME = AppIcon;
				ASSETCATALOG_COMPILER_GLOBAL_ACCENT_COLOR_NAME = AccentColor;
				CODE_SIGN_STYLE = Automatic;
				CURRENT_PROJECT_VERSION = 1;
				DEVELOPMENT_ASSET_PATHS = "\"Zesto/Preview Content\"";
				DEVELOPMENT_TEAM = J6XY4HJFNM;
				ENABLE_PREVIEWS = YES;
				GENERATE_INFOPLIST_FILE = YES;
				INFOPLIST_FILE = Zesto/Info.plist;
				INFOPLIST_KEY_NSCameraUsageDescription = "";
				INFOPLIST_KEY_NSPhotoLibraryUsageDescription = "";
				INFOPLIST_KEY_UIApplicationSceneManifest_Generation = YES;
				INFOPLIST_KEY_UIApplicationSupportsIndirectInputEvents = YES;
				INFOPLIST_KEY_UILaunchScreen_Generation = YES;
				INFOPLIST_KEY_UISupportedInterfaceOrientations_iPad = "UIInterfaceOrientationPortrait UIInterfaceOrientationPortraitUpsideDown UIInterfaceOrientationLandscapeLeft UIInterfaceOrientationLandscapeRight";
				INFOPLIST_KEY_UISupportedInterfaceOrientations_iPhone = "UIInterfaceOrientationPortrait UIInterfaceOrientationLandscapeLeft UIInterfaceOrientationLandscapeRight";
				LD_RUNPATH_SEARCH_PATHS = (
					"$(inherited)",
					"@executable_path/Frameworks",
				);
				MARKETING_VERSION = 1.0;
				PRODUCT_BUNDLE_IDENTIFIER = com.SaiManikandan.Zesto.D;
				PRODUCT_NAME = "$(TARGET_NAME)";
				SWIFT_EMIT_LOC_STRINGS = YES;
				SWIFT_VERSION = 5.0;
				TARGETED_DEVICE_FAMILY = "1,2";
			};
			name = Debug;
		};
		50824C8D2D7E53EA00BA3673 /* Release */ = {
			isa = XCBuildConfiguration;
			buildSettings = {
				ASSETCATALOG_COMPILER_APPICON_NAME = AppIcon;
				ASSETCATALOG_COMPILER_GLOBAL_ACCENT_COLOR_NAME = AccentColor;
				CODE_SIGN_STYLE = Automatic;
				CURRENT_PROJECT_VERSION = 1;
				DEVELOPMENT_ASSET_PATHS = "\"Zesto/Preview Content\"";
				DEVELOPMENT_TEAM = J6XY4HJFNM;
				ENABLE_PREVIEWS = YES;
				GENERATE_INFOPLIST_FILE = YES;
				INFOPLIST_FILE = Zesto/Info.plist;
				INFOPLIST_KEY_NSCameraUsageDescription = "";
				INFOPLIST_KEY_NSPhotoLibraryUsageDescription = "";
				INFOPLIST_KEY_UIApplicationSceneManifest_Generation = YES;
				INFOPLIST_KEY_UIApplicationSupportsIndirectInputEvents = YES;
				INFOPLIST_KEY_UILaunchScreen_Generation = YES;
				INFOPLIST_KEY_UISupportedInterfaceOrientations_iPad = "UIInterfaceOrientationPortrait UIInterfaceOrientationPortraitUpsideDown UIInterfaceOrientationLandscapeLeft UIInterfaceOrientationLandscapeRight";
				INFOPLIST_KEY_UISupportedInterfaceOrientations_iPhone = "UIInterfaceOrientationPortrait UIInterfaceOrientationLandscapeLeft UIInterfaceOrientationLandscapeRight";
				LD_RUNPATH_SEARCH_PATHS = (
					"$(inherited)",
					"@executable_path/Frameworks",
				);
				MARKETING_VERSION = 1.0;
				PRODUCT_BUNDLE_IDENTIFIER = com.SaiManikandan.Zesto.D;
				PRODUCT_NAME = "$(TARGET_NAME)";
				SWIFT_EMIT_LOC_STRINGS = YES;
				SWIFT_VERSION = 5.0;
				TARGETED_DEVICE_FAMILY = "1,2";
			};
			name = Release;
		};
/* End XCBuildConfiguration section */

/* Begin XCConfigurationList section */
		50824C782D7E53E900BA3673 /* Build configuration list for PBXProject "Zesto" */ = {
			isa = XCConfigurationList;
			buildConfigurations = (
				50824C892D7E53EA00BA3673 /* Debug */,
				50824C8A2D7E53EA00BA3673 /* Release */,
			);
			defaultConfigurationIsVisible = 0;
			defaultConfigurationName = Release;
		};
		50824C8B2D7E53EA00BA3673 /* Build configuration list for PBXNativeTarget "Zesto" */ = {
			isa = XCConfigurationList;
			buildConfigurations = (
				50824C8C2D7E53EA00BA3673 /* Debug */,
				50824C8D2D7E53EA00BA3673 /* Release */,
			);
			defaultConfigurationIsVisible = 0;
			defaultConfigurationName = Release;
		};
/* End XCConfigurationList section */

/* Begin XCRemoteSwiftPackageReference section */
		50764E0B2DA7974D007A17B6 /* XCRemoteSwiftPackageReference "firebase-ios-sdk" */ = {
			isa = XCRemoteSwiftPackageReference;
			repositoryURL = "https://github.com/firebase/firebase-ios-sdk";
			requirement = {
				kind = upToNextMajorVersion;
				minimumVersion = 11.11.0;
			};
		};
		50764E162DA7976E007A17B6 /* XCRemoteSwiftPackageReference "GoogleSignIn-iOS" */ = {
			isa = XCRemoteSwiftPackageReference;
			repositoryURL = "https://github.com/google/GoogleSignIn-iOS";
			requirement = {
				kind = upToNextMajorVersion;
				minimumVersion = 8.0.0;
			};
		};
		8164D8862DA0674000BF26FF /* XCRemoteSwiftPackageReference "lottie-ios" */ = {
			isa = XCRemoteSwiftPackageReference;
			repositoryURL = "https://github.com/airbnb/lottie-ios";
			requirement = {
				kind = upToNextMajorVersion;
				minimumVersion = 4.5.1;
			};
		};
		816E549E2E5290E600ACD916 /* XCRemoteSwiftPackageReference "openfoodfacts-swift" */ = {
			isa = XCRemoteSwiftPackageReference;
			repositoryURL = "https://github.com/openfoodfacts/openfoodfacts-swift";
			requirement = {
				branch = main;
				kind = branch;
			};
		};
/* End XCRemoteSwiftPackageReference section */

/* Begin XCSwiftPackageProductDependency section */
		50764E0C2DA7974D007A17B6 /* FirebaseAnalytics */ = {
			isa = XCSwiftPackageProductDependency;
			package = 50764E0B2DA7974D007A17B6 /* XCRemoteSwiftPackageReference "firebase-ios-sdk" */;
			productName = FirebaseAnalytics;
		};
		50764E0E2DA7974D007A17B6 /* FirebaseAuth */ = {
			isa = XCSwiftPackageProductDependency;
			package = 50764E0B2DA7974D007A17B6 /* XCRemoteSwiftPackageReference "firebase-ios-sdk" */;
			productName = FirebaseAuth;
		};
		50764E102DA7974D007A17B6 /* FirebaseDatabase */ = {
			isa = XCSwiftPackageProductDependency;
			package = 50764E0B2DA7974D007A17B6 /* XCRemoteSwiftPackageReference "firebase-ios-sdk" */;
			productName = FirebaseDatabase;
		};
		50764E122DA7974D007A17B6 /* FirebaseFirestore */ = {
			isa = XCSwiftPackageProductDependency;
			package = 50764E0B2DA7974D007A17B6 /* XCRemoteSwiftPackageReference "firebase-ios-sdk" */;
			productName = FirebaseFirestore;
		};
		50764E142DA7974D007A17B6 /* FirebaseStorage */ = {
			isa = XCSwiftPackageProductDependency;
			package = 50764E0B2DA7974D007A17B6 /* XCRemoteSwiftPackageReference "firebase-ios-sdk" */;
			productName = FirebaseStorage;
		};
		50764E172DA7976E007A17B6 /* GoogleSignIn */ = {
			isa = XCSwiftPackageProductDependency;
			package = 50764E162DA7976E007A17B6 /* XCRemoteSwiftPackageReference "GoogleSignIn-iOS" */;
			productName = GoogleSignIn;
		};
		50764E192DA7976E007A17B6 /* GoogleSignInSwift */ = {
			isa = XCSwiftPackageProductDependency;
			package = 50764E162DA7976E007A17B6 /* XCRemoteSwiftPackageReference "GoogleSignIn-iOS" */;
			productName = GoogleSignInSwift;
		};
		8164D8872DA0674000BF26FF /* Lottie */ = {
			isa = XCSwiftPackageProductDependency;
			package = 8164D8862DA0674000BF26FF /* XCRemoteSwiftPackageReference "lottie-ios" */;
			productName = Lottie;
		};
		816E549F2E5290E600ACD916 /* OpenFoodFactsSDK */ = {
			isa = XCSwiftPackageProductDependency;
			package = 816E549E2E5290E600ACD916 /* XCRemoteSwiftPackageReference "openfoodfacts-swift" */;
			productName = OpenFoodFactsSDK;
		};
/* End XCSwiftPackageProductDependency section */
	};
	rootObject = 50824C752D7E53E900BA3673 /* Project object */;
}
